
Microsoft Visual Studio Solution File, Format Version 12.00
# Visual Studio 2017
Project("{FAE04EC0-301F-11D3-BF4B-00C04F79EFBC}") = "Q4 project", "Q4 project.csproj", "{C3BD3C1D-2304-1F31-F4CF-847521A2D3DE}"
EndProject
Project("{FAE04EC0-301F-11D3-BF4B-00C04F79EFBC}") = "Q4 project.Editor", "Q4 project.Editor.csproj", "{554C02C3-C488-D8B3-23D3-2A9601960B78}"
EndProject
Global
	GlobalSection(SolutionConfigurationPlatforms) = preSolution
		Debug|Any CPU = Debug|Any CPU
		Release|Any CPU = Release|Any CPU
	EndGlobalSection
	GlobalSection(ProjectConfigurationPlatforms) = postSolution
		{C3BD3C1D-2304-1F31-F4CF-847521A2D3DE}.Debug|Any CPU.ActiveCfg = Debug|Any CPU
		{C3BD3C1D-2304-1F31-F4CF-847521A2D3DE}.Debug|Any CPU.Build.0 = Debug|Any CPU
		{C3BD3C1D-2304-1F31-F4CF-847521A2D3DE}.Release|Any CPU.ActiveCfg = Release|Any CPU
		{C3BD3C1D-2304-1F31-F4CF-847521A2D3DE}.Release|Any CPU.Build.0 = Release|Any CPU
		{554C02C3-C488-D8B3-23D3-2A9601960B78}.Debug|Any CPU.ActiveCfg = Debug|Any CPU
		{554C02C3-C488-D8B3-23D3-2A9601960B78}.Debug|Any CPU.Build.0 = Debug|Any CPU
		{554C02C3-C488-D8B3-23D3-2A9601960B78}.Release|Any CPU.ActiveCfg = Release|Any CPU
		{554C02C3-C488-D8B3-23D3-2A9601960B78}.Release|Any CPU.Build.0 = Release|Any CPU
	EndGlobalSection
	GlobalSection(SolutionProperties) = preSolution
		HideSolutionNode = FALSE
	EndGlobalSection
EndGlobal
