
Microsoft Visual Studio Solution File, Format Version 11.00
# Visual Studio 2010
Project("{FAE04EC0-301F-11D3-BF4B-00C04F79EFBC}") = "Q4 project", "Assembly-CSharp.csproj", "{3FC14A11-7412-FD63-FCD0-FF1E1CA39563}"
EndProject
Project("{FAE04EC0-301F-11D3-BF4B-00C04F79EFBC}") = "Q4 project", "Assembly-CSharp-Editor.csproj", "{5EF85C7F-5CEF-AF67-EE79-B1AE68117807}"
EndProject
Global
	GlobalSection(SolutionConfigurationPlatforms) = preSolution
		Debug|Any CPU = Debug|Any CPU
		Release|Any CPU = Release|Any CPU
	EndGlobalSection
	GlobalSection(ProjectConfigurationPlatforms) = postSolution
		{3FC14A11-7412-FD63-FCD0-FF1E1CA39563}.Debug|Any CPU.ActiveCfg = Debug|Any CPU
		{3FC14A11-7412-FD63-FCD0-FF1E1CA39563}.Debug|Any CPU.Build.0 = Debug|Any CPU
		{3FC14A11-7412-FD63-FCD0-FF1E1CA39563}.Release|Any CPU.ActiveCfg = Release|Any CPU
		{3FC14A11-7412-FD63-FCD0-FF1E1CA39563}.Release|Any CPU.Build.0 = Release|Any CPU
		{5EF85C7F-5CEF-AF67-EE79-B1AE68117807}.Debug|Any CPU.ActiveCfg = Debug|Any CPU
		{5EF85C7F-5CEF-AF67-EE79-B1AE68117807}.Debug|Any CPU.Build.0 = Debug|Any CPU
		{5EF85C7F-5CEF-AF67-EE79-B1AE68117807}.Release|Any CPU.ActiveCfg = Release|Any CPU
		{5EF85C7F-5CEF-AF67-EE79-B1AE68117807}.Release|Any CPU.Build.0 = Release|Any CPU
	EndGlobalSection
	GlobalSection(SolutionProperties) = preSolution
		HideSolutionNode = FALSE
	EndGlobalSection
	GlobalSection(MonoDevelopProperties) = preSolution
		StartupItem = Assembly-CSharp.csproj
	EndGlobalSection
EndGlobal
